
Microsoft Visual Studio Solution File, Format Version 12.00
# Visual Studio Version 17
VisualStudioVersion = 17.10.35122.118
MinimumVisualStudioVersion = 10.0.40219.1
Project("{FAE04EC0-301F-11D3-BF4B-00C04F79EFBC}") = "Message-app", "Message-app\Message-app.csproj", "{0E5D7FD4-27E6-46E4-A566-6CFCB0DC80B2}"
EndProject
Project("{FAE04EC0-301F-11D3-BF4B-00C04F79EFBC}") = "ChatSever2", "ChatSever2\ChatSever2.csproj", "{10685F7A-0AA7-4F3A-9A85-F75261077E96}"
EndProject
Global
	GlobalSection(SolutionConfigurationPlatforms) = preSolution
		Debug|Any CPU = Debug|Any CPU
		Release|Any CPU = Release|Any CPU
	EndGlobalSection
	GlobalSection(ProjectConfigurationPlatforms) = postSolution
		{0E5D7FD4-27E6-46E4-A566-6CFCB0DC80B2}.Debug|Any CPU.ActiveCfg = Debug|Any CPU
		{0E5D7FD4-27E6-46E4-A566-6CFCB0DC80B2}.Debug|Any CPU.Build.0 = Debug|Any CPU
		{0E5D7FD4-27E6-46E4-A566-6CFCB0DC80B2}.Release|Any CPU.ActiveCfg = Release|Any CPU
		{0E5D7FD4-27E6-46E4-A566-6CFCB0DC80B2}.Release|Any CPU.Build.0 = Release|Any CPU
		{10685F7A-0AA7-4F3A-9A85-F75261077E96}.Debug|Any CPU.ActiveCfg = Debug|Any CPU
		{10685F7A-0AA7-4F3A-9A85-F75261077E96}.Debug|Any CPU.Build.0 = Debug|Any CPU
		{10685F7A-0AA7-4F3A-9A85-F75261077E96}.Release|Any CPU.ActiveCfg = Release|Any CPU
		{10685F7A-0AA7-4F3A-9A85-F75261077E96}.Release|Any CPU.Build.0 = Release|Any CPU
	EndGlobalSection
	GlobalSection(SolutionProperties) = preSolution
		HideSolutionNode = FALSE
	EndGlobalSection
	GlobalSection(ExtensibilityGlobals) = postSolution
		SolutionGuid = {3700C945-3F3D-4947-A4DD-87674966B52E}
	EndGlobalSection
EndGlobal
